
Microsoft Visual Studio Solution File, Format Version 12.00
# Visual Studio 14
VisualStudioVersion = 14.0.25420.1
MinimumVisualStudioVersion = 10.0.40219.1
Project("{FAE04EC0-301F-11D3-BF4B-00C04F79EFBC}") = "TatApp.Android", "TatApp\TatApp.Android\TatApp.Android.csproj", "{80D69270-46CC-4F9E-9396-8E6338FA9701}"
EndProject
Project("{FAE04EC0-301F-11D3-BF4B-00C04F79EFBC}") = "TatApp", "TatApp\TatApp\TatApp.csproj", "{7D80269A-4177-4B97-BCB6-EE72AFB4CFDD}"
EndProject
Project("{FAE04EC0-301F-11D3-BF4B-00C04F79EFBC}") = "TatApp.iOS", "TatApp\TatApp.iOS\TatApp.iOS.csproj", "{08523AB1-88A4-4583-A02A-8CA763967C90}"
EndProject
Project("{FAE04EC0-301F-11D3-BF4B-00C04F79EFBC}") = "TatApp.Backend", "TatApp.Backend\TatApp.Backend.csproj", "{B29B0B5D-E689-4167-9D82-69359B893033}"
EndProject
Project("{FAE04EC0-301F-11D3-BF4B-00C04F79EFBC}") = "TatApp.API", "TatApp.API\TatApp.API.csproj", "{454A701B-93F8-4ADB-9418-6B091ACE369F}"
EndProject
Project("{FAE04EC0-301F-11D3-BF4B-00C04F79EFBC}") = "TatApp.Domain", "TatApp.Domain\TatApp.Domain.csproj", "{89D19359-70D0-4474-ACAD-40358306897D}"
EndProject
Global
	GlobalSection(SolutionConfigurationPlatforms) = preSolution
		Ad-Hoc|Any CPU = Ad-Hoc|Any CPU
		Ad-Hoc|iPhone = Ad-Hoc|iPhone
		Ad-Hoc|iPhoneSimulator = Ad-Hoc|iPhoneSimulator
		AppStore|Any CPU = AppStore|Any CPU
		AppStore|iPhone = AppStore|iPhone
		AppStore|iPhoneSimulator = AppStore|iPhoneSimulator
		Debug|Any CPU = Debug|Any CPU
		Debug|iPhone = Debug|iPhone
		Debug|iPhoneSimulator = Debug|iPhoneSimulator
		Release|Any CPU = Release|Any CPU
		Release|iPhone = Release|iPhone
		Release|iPhoneSimulator = Release|iPhoneSimulator
	EndGlobalSection
	GlobalSection(ProjectConfigurationPlatforms) = postSolution
		{80D69270-46CC-4F9E-9396-8E6338FA9701}.Ad-Hoc|Any CPU.ActiveCfg = Release|Any CPU
		{80D69270-46CC-4F9E-9396-8E6338FA9701}.Ad-Hoc|Any CPU.Build.0 = Release|Any CPU
		{80D69270-46CC-4F9E-9396-8E6338FA9701}.Ad-Hoc|Any CPU.Deploy.0 = Release|Any CPU
		{80D69270-46CC-4F9E-9396-8E6338FA9701}.Ad-Hoc|iPhone.ActiveCfg = Release|Any CPU
		{80D69270-46CC-4F9E-9396-8E6338FA9701}.Ad-Hoc|iPhone.Build.0 = Release|Any CPU
		{80D69270-46CC-4F9E-9396-8E6338FA9701}.Ad-Hoc|iPhone.Deploy.0 = Release|Any CPU
		{80D69270-46CC-4F9E-9396-8E6338FA9701}.Ad-Hoc|iPhoneSimulator.ActiveCfg = Release|Any CPU
		{80D69270-46CC-4F9E-9396-8E6338FA9701}.Ad-Hoc|iPhoneSimulator.Build.0 = Release|Any CPU
		{80D69270-46CC-4F9E-9396-8E6338FA9701}.Ad-Hoc|iPhoneSimulator.Deploy.0 = Release|Any CPU
		{80D69270-46CC-4F9E-9396-8E6338FA9701}.AppStore|Any CPU.ActiveCfg = Release|Any CPU
		{80D69270-46CC-4F9E-9396-8E6338FA9701}.AppStore|Any CPU.Build.0 = Release|Any CPU
		{80D69270-46CC-4F9E-9396-8E6338FA9701}.AppStore|Any CPU.Deploy.0 = Release|Any CPU
		{80D69270-46CC-4F9E-9396-8E6338FA9701}.AppStore|iPhone.ActiveCfg = Release|Any CPU
		{80D69270-46CC-4F9E-9396-8E6338FA9701}.AppStore|iPhone.Build.0 = Release|Any CPU
		{80D69270-46CC-4F9E-9396-8E6338FA9701}.AppStore|iPhone.Deploy.0 = Release|Any CPU
		{80D69270-46CC-4F9E-9396-8E6338FA9701}.AppStore|iPhoneSimulator.ActiveCfg = Release|Any CPU
		{80D69270-46CC-4F9E-9396-8E6338FA9701}.AppStore|iPhoneSimulator.Build.0 = Release|Any CPU
		{80D69270-46CC-4F9E-9396-8E6338FA9701}.AppStore|iPhoneSimulator.Deploy.0 = Release|Any CPU
		{80D69270-46CC-4F9E-9396-8E6338FA9701}.Debug|Any CPU.ActiveCfg = Debug|Any CPU
		{80D69270-46CC-4F9E-9396-8E6338FA9701}.Debug|Any CPU.Build.0 = Debug|Any CPU
		{80D69270-46CC-4F9E-9396-8E6338FA9701}.Debug|Any CPU.Deploy.0 = Debug|Any CPU
		{80D69270-46CC-4F9E-9396-8E6338FA9701}.Debug|iPhone.ActiveCfg = Debug|Any CPU
		{80D69270-46CC-4F9E-9396-8E6338FA9701}.Debug|iPhone.Build.0 = Debug|Any CPU
		{80D69270-46CC-4F9E-9396-8E6338FA9701}.Debug|iPhone.Deploy.0 = Debug|Any CPU
		{80D69270-46CC-4F9E-9396-8E6338FA9701}.Debug|iPhoneSimulator.ActiveCfg = Debug|Any CPU
		{80D69270-46CC-4F9E-9396-8E6338FA9701}.Debug|iPhoneSimulator.Build.0 = Debug|Any CPU
		{80D69270-46CC-4F9E-9396-8E6338FA9701}.Debug|iPhoneSimulator.Deploy.0 = Debug|Any CPU
		{80D69270-46CC-4F9E-9396-8E6338FA9701}.Release|Any CPU.ActiveCfg = Release|Any CPU
		{80D69270-46CC-4F9E-9396-8E6338FA9701}.Release|Any CPU.Build.0 = Release|Any CPU
		{80D69270-46CC-4F9E-9396-8E6338FA9701}.Release|Any CPU.Deploy.0 = Release|Any CPU
		{80D69270-46CC-4F9E-9396-8E6338FA9701}.Release|iPhone.ActiveCfg = Release|Any CPU
		{80D69270-46CC-4F9E-9396-8E6338FA9701}.Release|iPhone.Build.0 = Release|Any CPU
		{80D69270-46CC-4F9E-9396-8E6338FA9701}.Release|iPhone.Deploy.0 = Release|Any CPU
		{80D69270-46CC-4F9E-9396-8E6338FA9701}.Release|iPhoneSimulator.ActiveCfg = Release|Any CPU
		{80D69270-46CC-4F9E-9396-8E6338FA9701}.Release|iPhoneSimulator.Build.0 = Release|Any CPU
		{80D69270-46CC-4F9E-9396-8E6338FA9701}.Release|iPhoneSimulator.Deploy.0 = Release|Any CPU
		{7D80269A-4177-4B97-BCB6-EE72AFB4CFDD}.Ad-Hoc|Any CPU.ActiveCfg = Release|Any CPU
		{7D80269A-4177-4B97-BCB6-EE72AFB4CFDD}.Ad-Hoc|Any CPU.Build.0 = Release|Any CPU
		{7D80269A-4177-4B97-BCB6-EE72AFB4CFDD}.Ad-Hoc|iPhone.ActiveCfg = Release|Any CPU
		{7D80269A-4177-4B97-BCB6-EE72AFB4CFDD}.Ad-Hoc|iPhone.Build.0 = Release|Any CPU
		{7D80269A-4177-4B97-BCB6-EE72AFB4CFDD}.Ad-Hoc|iPhoneSimulator.ActiveCfg = Release|Any CPU
		{7D80269A-4177-4B97-BCB6-EE72AFB4CFDD}.Ad-Hoc|iPhoneSimulator.Build.0 = Release|Any CPU
		{7D80269A-4177-4B97-BCB6-EE72AFB4CFDD}.AppStore|Any CPU.ActiveCfg = Release|Any CPU
		{7D80269A-4177-4B97-BCB6-EE72AFB4CFDD}.AppStore|Any CPU.Build.0 = Release|Any CPU
		{7D80269A-4177-4B97-BCB6-EE72AFB4CFDD}.AppStore|iPhone.ActiveCfg = Release|Any CPU
		{7D80269A-4177-4B97-BCB6-EE72AFB4CFDD}.AppStore|iPhone.Build.0 = Release|Any CPU
		{7D80269A-4177-4B97-BCB6-EE72AFB4CFDD}.AppStore|iPhoneSimulator.ActiveCfg = Release|Any CPU
		{7D80269A-4177-4B97-BCB6-EE72AFB4CFDD}.AppStore|iPhoneSimulator.Build.0 = Release|Any CPU
		{7D80269A-4177-4B97-BCB6-EE72AFB4CFDD}.Debug|Any CPU.ActiveCfg = Debug|Any CPU
		{7D80269A-4177-4B97-BCB6-EE72AFB4CFDD}.Debug|Any CPU.Build.0 = Debug|Any CPU
		{7D80269A-4177-4B97-BCB6-EE72AFB4CFDD}.Debug|iPhone.ActiveCfg = Debug|Any CPU
		{7D80269A-4177-4B97-BCB6-EE72AFB4CFDD}.Debug|iPhone.Build.0 = Debug|Any CPU
		{7D80269A-4177-4B97-BCB6-EE72AFB4CFDD}.Debug|iPhoneSimulator.ActiveCfg = Debug|Any CPU
		{7D80269A-4177-4B97-BCB6-EE72AFB4CFDD}.Debug|iPhoneSimulator.Build.0 = Debug|Any CPU
		{7D80269A-4177-4B97-BCB6-EE72AFB4CFDD}.Release|Any CPU.ActiveCfg = Release|Any CPU
		{7D80269A-4177-4B97-BCB6-EE72AFB4CFDD}.Release|Any CPU.Build.0 = Release|Any CPU
		{7D80269A-4177-4B97-BCB6-EE72AFB4CFDD}.Release|iPhone.ActiveCfg = Release|Any CPU
		{7D80269A-4177-4B97-BCB6-EE72AFB4CFDD}.Release|iPhone.Build.0 = Release|Any CPU
		{7D80269A-4177-4B97-BCB6-EE72AFB4CFDD}.Release|iPhoneSimulator.ActiveCfg = Release|Any CPU
		{7D80269A-4177-4B97-BCB6-EE72AFB4CFDD}.Release|iPhoneSimulator.Build.0 = Release|Any CPU
		{08523AB1-88A4-4583-A02A-8CA763967C90}.Ad-Hoc|Any CPU.ActiveCfg = Ad-Hoc|iPhone
		{08523AB1-88A4-4583-A02A-8CA763967C90}.Ad-Hoc|iPhone.ActiveCfg = Ad-Hoc|iPhone
		{08523AB1-88A4-4583-A02A-8CA763967C90}.Ad-Hoc|iPhone.Build.0 = Ad-Hoc|iPhone
		{08523AB1-88A4-4583-A02A-8CA763967C90}.Ad-Hoc|iPhoneSimulator.ActiveCfg = Ad-Hoc|iPhoneSimulator
		{08523AB1-88A4-4583-A02A-8CA763967C90}.Ad-Hoc|iPhoneSimulator.Build.0 = Ad-Hoc|iPhoneSimulator
		{08523AB1-88A4-4583-A02A-8CA763967C90}.AppStore|Any CPU.ActiveCfg = AppStore|iPhone
		{08523AB1-88A4-4583-A02A-8CA763967C90}.AppStore|iPhone.ActiveCfg = AppStore|iPhone
		{08523AB1-88A4-4583-A02A-8CA763967C90}.AppStore|iPhone.Build.0 = AppStore|iPhone
		{08523AB1-88A4-4583-A02A-8CA763967C90}.AppStore|iPhoneSimulator.ActiveCfg = AppStore|iPhoneSimulator
		{08523AB1-88A4-4583-A02A-8CA763967C90}.AppStore|iPhoneSimulator.Build.0 = AppStore|iPhoneSimulator
		{08523AB1-88A4-4583-A02A-8CA763967C90}.Debug|Any CPU.ActiveCfg = Debug|iPhone
		{08523AB1-88A4-4583-A02A-8CA763967C90}.Debug|iPhone.ActiveCfg = Debug|iPhone
		{08523AB1-88A4-4583-A02A-8CA763967C90}.Debug|iPhone.Build.0 = Debug|iPhone
		{08523AB1-88A4-4583-A02A-8CA763967C90}.Debug|iPhoneSimulator.ActiveCfg = Debug|iPhoneSimulator
		{08523AB1-88A4-4583-A02A-8CA763967C90}.Debug|iPhoneSimulator.Build.0 = Debug|iPhoneSimulator
		{08523AB1-88A4-4583-A02A-8CA763967C90}.Release|Any CPU.ActiveCfg = Release|iPhone
		{08523AB1-88A4-4583-A02A-8CA763967C90}.Release|iPhone.ActiveCfg = Release|iPhone
		{08523AB1-88A4-4583-A02A-8CA763967C90}.Release|iPhone.Build.0 = Release|iPhone
		{08523AB1-88A4-4583-A02A-8CA763967C90}.Release|iPhoneSimulator.ActiveCfg = Release|iPhoneSimulator
		{08523AB1-88A4-4583-A02A-8CA763967C90}.Release|iPhoneSimulator.Build.0 = Release|iPhoneSimulator
		{B29B0B5D-E689-4167-9D82-69359B893033}.Ad-Hoc|Any CPU.ActiveCfg = Release|Any CPU
		{B29B0B5D-E689-4167-9D82-69359B893033}.Ad-Hoc|Any CPU.Build.0 = Release|Any CPU
		{B29B0B5D-E689-4167-9D82-69359B893033}.Ad-Hoc|iPhone.ActiveCfg = Release|Any CPU
		{B29B0B5D-E689-4167-9D82-69359B893033}.Ad-Hoc|iPhone.Build.0 = Release|Any CPU
		{B29B0B5D-E689-4167-9D82-69359B893033}.Ad-Hoc|iPhoneSimulator.ActiveCfg = Release|Any CPU
		{B29B0B5D-E689-4167-9D82-69359B893033}.Ad-Hoc|iPhoneSimulator.Build.0 = Release|Any CPU
		{B29B0B5D-E689-4167-9D82-69359B893033}.AppStore|Any CPU.ActiveCfg = Release|Any CPU
		{B29B0B5D-E689-4167-9D82-69359B893033}.AppStore|Any CPU.Build.0 = Release|Any CPU
		{B29B0B5D-E689-4167-9D82-69359B893033}.AppStore|iPhone.ActiveCfg = Release|Any CPU
		{B29B0B5D-E689-4167-9D82-69359B893033}.AppStore|iPhone.Build.0 = Release|Any CPU
		{B29B0B5D-E689-4167-9D82-69359B893033}.AppStore|iPhoneSimulator.ActiveCfg = Release|Any CPU
		{B29B0B5D-E689-4167-9D82-69359B893033}.AppStore|iPhoneSimulator.Build.0 = Release|Any CPU
		{B29B0B5D-E689-4167-9D82-69359B893033}.Debug|Any CPU.ActiveCfg = Debug|Any CPU
		{B29B0B5D-E689-4167-9D82-69359B893033}.Debug|Any CPU.Build.0 = Debug|Any CPU
		{B29B0B5D-E689-4167-9D82-69359B893033}.Debug|iPhone.ActiveCfg = Debug|Any CPU
		{B29B0B5D-E689-4167-9D82-69359B893033}.Debug|iPhone.Build.0 = Debug|Any CPU
		{B29B0B5D-E689-4167-9D82-69359B893033}.Debug|iPhoneSimulator.ActiveCfg = Debug|Any CPU
		{B29B0B5D-E689-4167-9D82-69359B893033}.Debug|iPhoneSimulator.Build.0 = Debug|Any CPU
		{B29B0B5D-E689-4167-9D82-69359B893033}.Release|Any CPU.ActiveCfg = Release|Any CPU
		{B29B0B5D-E689-4167-9D82-69359B893033}.Release|Any CPU.Build.0 = Release|Any CPU
		{B29B0B5D-E689-4167-9D82-69359B893033}.Release|iPhone.ActiveCfg = Release|Any CPU
		{B29B0B5D-E689-4167-9D82-69359B893033}.Release|iPhone.Build.0 = Release|Any CPU
		{B29B0B5D-E689-4167-9D82-69359B893033}.Release|iPhoneSimulator.ActiveCfg = Release|Any CPU
		{B29B0B5D-E689-4167-9D82-69359B893033}.Release|iPhoneSimulator.Build.0 = Release|Any CPU
		{454A701B-93F8-4ADB-9418-6B091ACE369F}.Ad-Hoc|Any CPU.ActiveCfg = Release|Any CPU
		{454A701B-93F8-4ADB-9418-6B091ACE369F}.Ad-Hoc|Any CPU.Build.0 = Release|Any CPU
		{454A701B-93F8-4ADB-9418-6B091ACE369F}.Ad-Hoc|iPhone.ActiveCfg = Release|Any CPU
		{454A701B-93F8-4ADB-9418-6B091ACE369F}.Ad-Hoc|iPhone.Build.0 = Release|Any CPU
		{454A701B-93F8-4ADB-9418-6B091ACE369F}.Ad-Hoc|iPhoneSimulator.ActiveCfg = Release|Any CPU
		{454A701B-93F8-4ADB-9418-6B091ACE369F}.Ad-Hoc|iPhoneSimulator.Build.0 = Release|Any CPU
		{454A701B-93F8-4ADB-9418-6B091ACE369F}.AppStore|Any CPU.ActiveCfg = Release|Any CPU
		{454A701B-93F8-4ADB-9418-6B091ACE369F}.AppStore|Any CPU.Build.0 = Release|Any CPU
		{454A701B-93F8-4ADB-9418-6B091ACE369F}.AppStore|iPhone.ActiveCfg = Release|Any CPU
		{454A701B-93F8-4ADB-9418-6B091ACE369F}.AppStore|iPhone.Build.0 = Release|Any CPU
		{454A701B-93F8-4ADB-9418-6B091ACE369F}.AppStore|iPhoneSimulator.ActiveCfg = Release|Any CPU
		{454A701B-93F8-4ADB-9418-6B091ACE369F}.AppStore|iPhoneSimulator.Build.0 = Release|Any CPU
		{454A701B-93F8-4ADB-9418-6B091ACE369F}.Debug|Any CPU.ActiveCfg = Debug|Any CPU
		{454A701B-93F8-4ADB-9418-6B091ACE369F}.Debug|Any CPU.Build.0 = Debug|Any CPU
		{454A701B-93F8-4ADB-9418-6B091ACE369F}.Debug|iPhone.ActiveCfg = Debug|Any CPU
		{454A701B-93F8-4ADB-9418-6B091ACE369F}.Debug|iPhone.Build.0 = Debug|Any CPU
		{454A701B-93F8-4ADB-9418-6B091ACE369F}.Debug|iPhoneSimulator.ActiveCfg = Debug|Any CPU
		{454A701B-93F8-4ADB-9418-6B091ACE369F}.Debug|iPhoneSimulator.Build.0 = Debug|Any CPU
		{454A701B-93F8-4ADB-9418-6B091ACE369F}.Release|Any CPU.ActiveCfg = Release|Any CPU
		{454A701B-93F8-4ADB-9418-6B091ACE369F}.Release|Any CPU.Build.0 = Release|Any CPU
		{454A701B-93F8-4ADB-9418-6B091ACE369F}.Release|iPhone.ActiveCfg = Release|Any CPU
		{454A701B-93F8-4ADB-9418-6B091ACE369F}.Release|iPhone.Build.0 = Release|Any CPU
		{454A701B-93F8-4ADB-9418-6B091ACE369F}.Release|iPhoneSimulator.ActiveCfg = Release|Any CPU
		{454A701B-93F8-4ADB-9418-6B091ACE369F}.Release|iPhoneSimulator.Build.0 = Release|Any CPU
		{89D19359-70D0-4474-ACAD-40358306897D}.Ad-Hoc|Any CPU.ActiveCfg = Release|Any CPU
		{89D19359-70D0-4474-ACAD-40358306897D}.Ad-Hoc|Any CPU.Build.0 = Release|Any CPU
		{89D19359-70D0-4474-ACAD-40358306897D}.Ad-Hoc|iPhone.ActiveCfg = Release|Any CPU
		{89D19359-70D0-4474-ACAD-40358306897D}.Ad-Hoc|iPhone.Build.0 = Release|Any CPU
		{89D19359-70D0-4474-ACAD-40358306897D}.Ad-Hoc|iPhoneSimulator.ActiveCfg = Release|Any CPU
		{89D19359-70D0-4474-ACAD-40358306897D}.Ad-Hoc|iPhoneSimulator.Build.0 = Release|Any CPU
		{89D19359-70D0-4474-ACAD-40358306897D}.AppStore|Any CPU.ActiveCfg = Release|Any CPU
		{89D19359-70D0-4474-ACAD-40358306897D}.AppStore|Any CPU.Build.0 = Release|Any CPU
		{89D19359-70D0-4474-ACAD-40358306897D}.AppStore|iPhone.ActiveCfg = Release|Any CPU
		{89D19359-70D0-4474-ACAD-40358306897D}.AppStore|iPhone.Build.0 = Release|Any CPU
		{89D19359-70D0-4474-ACAD-40358306897D}.AppStore|iPhoneSimulator.ActiveCfg = Release|Any CPU
		{89D19359-70D0-4474-ACAD-40358306897D}.AppStore|iPhoneSimulator.Build.0 = Release|Any CPU
		{89D19359-70D0-4474-ACAD-40358306897D}.Debug|Any CPU.ActiveCfg = Debug|Any CPU
		{89D19359-70D0-4474-ACAD-40358306897D}.Debug|Any CPU.Build.0 = Debug|Any CPU
		{89D19359-70D0-4474-ACAD-40358306897D}.Debug|iPhone.ActiveCfg = Debug|Any CPU
		{89D19359-70D0-4474-ACAD-40358306897D}.Debug|iPhone.Build.0 = Debug|Any CPU
		{89D19359-70D0-4474-ACAD-40358306897D}.Debug|iPhoneSimulator.ActiveCfg = Debug|Any CPU
		{89D19359-70D0-4474-ACAD-40358306897D}.Debug|iPhoneSimulator.Build.0 = Debug|Any CPU
		{89D19359-70D0-4474-ACAD-40358306897D}.Release|Any CPU.ActiveCfg = Release|Any CPU
		{89D19359-70D0-4474-ACAD-40358306897D}.Release|Any CPU.Build.0 = Release|Any CPU
		{89D19359-70D0-4474-ACAD-40358306897D}.Release|iPhone.ActiveCfg = Release|Any CPU
		{89D19359-70D0-4474-ACAD-40358306897D}.Release|iPhone.Build.0 = Release|Any CPU
		{89D19359-70D0-4474-ACAD-40358306897D}.Release|iPhoneSimulator.ActiveCfg = Release|Any CPU
		{89D19359-70D0-4474-ACAD-40358306897D}.Release|iPhoneSimulator.Build.0 = Release|Any CPU
	EndGlobalSection
	GlobalSection(SolutionProperties) = preSolution
		HideSolutionNode = FALSE
	EndGlobalSection
EndGlobal
